
Microsoft Visual Studio Solution File, Format Version 12.00
# Visual Studio Version 17
VisualStudioVersion = 17.5.002.0
MinimumVisualStudioVersion = 10.0.40219.1
Project("{9A19103F-16F7-4668-BE54-9A1E7A4F7556}") = "minimal-api", "minimal-api.csproj", "{DD7AFDAB-3FC2-4A26-834D-07093993F330}"
EndProject
Global
	GlobalSection(SolutionConfigurationPlatforms) = preSolution
		Debug|Any CPU = Debug|Any CPU
		Release|Any CPU = Release|Any CPU
	EndGlobalSection
	GlobalSection(ProjectConfigurationPlatforms) = postSolution
		{DD7AFDAB-3FC2-4A26-834D-07093993F330}.Debug|Any CPU.ActiveCfg = Debug|Any CPU
		{DD7AFDAB-3FC2-4A26-834D-07093993F330}.Debug|Any CPU.Build.0 = Debug|Any CPU
		{DD7AFDAB-3FC2-4A26-834D-07093993F330}.Release|Any CPU.ActiveCfg = Release|Any CPU
		{DD7AFDAB-3FC2-4A26-834D-07093993F330}.Release|Any CPU.Build.0 = Release|Any CPU
	EndGlobalSection
	GlobalSection(SolutionProperties) = preSolution
		HideSolutionNode = FALSE
	EndGlobalSection
	GlobalSection(ExtensibilityGlobals) = postSolution
		SolutionGuid = {5088F068-CED8-4009-A315-03653DE1D59B}
	EndGlobalSection
EndGlobal
